{
  "name": "PrimeFitnessStudio",
  "lockfileVersion": 2,
  "requires": true,
  "packages": {
    "": {
      "dependencies": {
        "swiper": "^11.1.1"
      }
    },
    "node_modules/swiper": {
      "version": "11.1.1",
      "resolved": "https://registry.npmjs.org/swiper/-/swiper-11.1.1.tgz",
      "integrity": "sha512-jGmEA/fNz1lACIcY4/40ggm1Gcyv+EUivmgV/Jd2WFPsEJhbWXnRAwzZR8OPjkBLtDxmzcoYG/iiAMWfRs0YKQ==",
      "funding": [
        {
          "type": "patreon",
          "url": "https://www.patreon.com/swiperjs"
        },
        {
          "type": "open_collective",
          "url": "http://opencollective.com/swiper"
        }
      ],
      "engines": {
        "node": ">= 4.7.0"
      }
    }
  },
  "dependencies": {
    "swiper": {
      "version": "11.1.1",
      "resolved": "https://registry.npmjs.org/swiper/-/swiper-11.1.1.tgz",
      "integrity": "sha512-jGmEA/fNz1lACIcY4/40ggm1Gcyv+EUivmgV/Jd2WFPsEJhbWXnRAwzZR8OPjkBLtDxmzcoYG/iiAMWfRs0YKQ=="
    }
  }
}
